{
  "version": 4,
  "terraform_version": "1.5.7",
  "serial": 37,
  "lineage": "4a1c9a21-273f-eb61-c0df-063b6c0474b9",
  "outputs": {},
  "resources": [
    {
      "mode": "managed",
      "type": "google_iam_workload_identity_pool",
      "name": "github_actions_pool",
      "provider": "provider[\"registry.terraform.io/hashicorp/google\"]",
      "instances": [
        {
          "schema_version": 0,
          "attributes": {
            "description": "Pool for federating GitHub Actions identities",
            "disabled": false,
            "display_name": "Github Actions",
            "id": "projects/surface-420608/locations/global/workloadIdentityPools/github-actions-pool",
            "name": "projects/791837997629/locations/global/workloadIdentityPools/github-actions-pool",
            "project": "surface-420608",
            "state": "ACTIVE",
            "timeouts": null,
            "workload_identity_pool_id": "github-actions-pool"
          },
          "sensitive_attributes": [],
          "private": "eyJlMmJmYjczMC1lY2FhLTExZTYtOGY4OC0zNDM2M2JjN2M0YzAiOnsiY3JlYXRlIjoxMjAwMDAwMDAwMDAwLCJkZWxldGUiOjEyMDAwMDAwMDAwMDAsInVwZGF0ZSI6MTIwMDAwMDAwMDAwMH19"
        }
      ]
    },
    {
      "mode": "managed",
      "type": "google_iam_workload_identity_pool_provider",
      "name": "github_actions_provider",
      "provider": "provider[\"registry.terraform.io/hashicorp/google\"]",
      "instances": [
        {
          "schema_version": 0,
          "attributes": {
            "attribute_condition": "assertion.repository_owner == 'stabledata'",
            "attribute_mapping": {
              "attribute.repository": "assertion.repository",
              "google.subject": "assertion.sub"
            },
            "aws": [],
            "description": "Identity Provider for GitHub Actions",
            "disabled": false,
            "display_name": "GitHub Actions Identity Provider",
            "id": "projects/surface-420608/locations/global/workloadIdentityPools/github-actions-pool/providers/gha-id-pool-provider",
            "name": "projects/791837997629/locations/global/workloadIdentityPools/github-actions-pool/providers/gha-id-pool-provider",
            "oidc": [
              {
                "allowed_audiences": [],
                "issuer_uri": "https://token.actions.githubusercontent.com",
                "jwks_json": ""
              }
            ],
            "project": "surface-420608",
            "saml": [],
            "state": "ACTIVE",
            "timeouts": null,
            "workload_identity_pool_id": "github-actions-pool",
            "workload_identity_pool_provider_id": "gha-id-pool-provider",
            "x509": []
          },
          "sensitive_attributes": [],
          "private": "eyJlMmJmYjczMC1lY2FhLTExZTYtOGY4OC0zNDM2M2JjN2M0YzAiOnsiY3JlYXRlIjoxMjAwMDAwMDAwMDAwLCJkZWxldGUiOjEyMDAwMDAwMDAwMDAsInVwZGF0ZSI6MTIwMDAwMDAwMDAwMH19",
          "dependencies": [
            "google_iam_workload_identity_pool.github_actions_pool"
          ]
        }
      ]
    },
    {
      "mode": "managed",
      "type": "google_project_iam_member",
      "name": "allow_push_to_artifact_registry",
      "provider": "provider[\"registry.terraform.io/hashicorp/google\"]",
      "instances": [
        {
          "schema_version": 0,
          "attributes": {
            "condition": [],
            "etag": "BwYjqu6m1Us=",
            "id": "791837997629/roles/artifactregistry.writer/serviceAccount:github-actions@surface-420608.iam.gserviceaccount.com",
            "member": "serviceAccount:github-actions@surface-420608.iam.gserviceaccount.com",
            "project": "791837997629",
            "role": "roles/artifactregistry.writer"
          },
          "sensitive_attributes": [],
          "private": "bnVsbA==",
          "dependencies": [
            "google_service_account.github_cicd_service_account"
          ]
        }
      ]
    },
    {
      "mode": "managed",
      "type": "google_project_iam_member",
      "name": "allow_token_creation",
      "provider": "provider[\"registry.terraform.io/hashicorp/google\"]",
      "instances": [
        {
          "schema_version": 0,
          "attributes": {
            "condition": [],
            "etag": "BwYjqu6m1Us=",
            "id": "791837997629/roles/iam.serviceAccountTokenCreator/serviceAccount:github-actions@surface-420608.iam.gserviceaccount.com",
            "member": "serviceAccount:github-actions@surface-420608.iam.gserviceaccount.com",
            "project": "791837997629",
            "role": "roles/iam.serviceAccountTokenCreator"
          },
          "sensitive_attributes": [],
          "private": "bnVsbA==",
          "dependencies": [
            "google_service_account.github_cicd_service_account"
          ]
        }
      ]
    },
    {
      "mode": "managed",
      "type": "google_service_account",
      "name": "github_cicd_service_account",
      "provider": "provider[\"registry.terraform.io/hashicorp/google\"]",
      "instances": [
        {
          "schema_version": 0,
          "attributes": {
            "account_id": "github-actions",
            "create_ignore_already_exists": null,
            "description": "Service account for GitHub Actions CI/CD",
            "disabled": false,
            "display_name": "GitHub CICD Actions Service Account",
            "email": "github-actions@surface-420608.iam.gserviceaccount.com",
            "id": "projects/surface-420608/serviceAccounts/github-actions@surface-420608.iam.gserviceaccount.com",
            "member": "serviceAccount:github-actions@surface-420608.iam.gserviceaccount.com",
            "name": "projects/surface-420608/serviceAccounts/github-actions@surface-420608.iam.gserviceaccount.com",
            "project": "surface-420608",
            "timeouts": null,
            "unique_id": "101347582664923174771"
          },
          "sensitive_attributes": [],
          "private": "eyJlMmJmYjczMC1lY2FhLTExZTYtOGY4OC0zNDM2M2JjN2M0YzAiOnsiY3JlYXRlIjozMDAwMDAwMDAwMDB9fQ=="
        }
      ]
    },
    {
      "mode": "managed",
      "type": "google_service_account_iam_member",
      "name": "allow_github_to_impersonate",
      "provider": "provider[\"registry.terraform.io/hashicorp/google\"]",
      "instances": [
        {
          "schema_version": 0,
          "attributes": {
            "condition": [],
            "etag": "BwYjq2Uod0s=",
            "id": "projects/surface-420608/serviceAccounts/github-actions@surface-420608.iam.gserviceaccount.com/roles/iam.workloadIdentityUser/principalSet://iam.googleapis.com/projects/791837997629/locations/global/workloadIdentityPools/github-actions-pool/attribute.repository/stabledata/*",
            "member": "principalSet://iam.googleapis.com/projects/791837997629/locations/global/workloadIdentityPools/github-actions-pool/attribute.repository/stabledata/*",
            "role": "roles/iam.workloadIdentityUser",
            "service_account_id": "projects/surface-420608/serviceAccounts/github-actions@surface-420608.iam.gserviceaccount.com"
          },
          "sensitive_attributes": [],
          "private": "bnVsbA==",
          "dependencies": [
            "google_iam_workload_identity_pool.github_actions_pool",
            "google_service_account.github_cicd_service_account"
          ]
        }
      ]
    }
  ],
  "check_results": null
}
